
Microsoft Visual Studio Solution File, Format Version 12.00
# Visual Studio Version 16
VisualStudioVersion = 16.6.30114.105
MinimumVisualStudioVersion = 10.0.40219.1
Project("{2150E333-8FDC-42A3-9474-1A3956D46DE8}") = "src", "src", "{019C3DDD-4CC6-4E09-9A37-359E780ED6C0}"
EndProject
Project("{FAE04EC0-301F-11D3-BF4B-00C04F79EFBC}") = "YC.Azure.WebJobs.Extensions.EntityFrameworkCore", "src\EntityFrameworkCore\YC.Azure.WebJobs.Extensions.EntityFrameworkCore.csproj", "{44603569-15BA-48CE-84C2-E890E214CE5D}"
EndProject
Project("{FAE04EC0-301F-11D3-BF4B-00C04F79EFBC}") = "YC.Azure.WebJobs.Extensions.NotificationHub", "src\NotificationHub\YC.Azure.WebJobs.Extensions.NotificationHub.csproj", "{6F4D05E2-D299-4C91-9F89-4EF55E99E55A}"
EndProject
Project("{2150E333-8FDC-42A3-9474-1A3956D46DE8}") = "samples", "samples", "{AA54160D-1F7F-4CA0-8362-685A9BAE2A85}"
EndProject
Project("{FAE04EC0-301F-11D3-BF4B-00C04F79EFBC}") = "WebJobSample", "samples\WebJobSample\WebJobSample.csproj", "{E61F7F28-8187-46BA-BA0A-7CBABD15B217}"
EndProject
Project("{FAE04EC0-301F-11D3-BF4B-00C04F79EFBC}") = "YC.Azure.WebJobs.Extensions.WorkdayTimers", "src\WorkdayTimers\YC.Azure.WebJobs.Extensions.WorkdayTimers.csproj", "{C9E8D830-12B3-447B-B96A-328919CB54B5}"
EndProject
Global
	GlobalSection(SolutionConfigurationPlatforms) = preSolution
		Debug|Any CPU = Debug|Any CPU
		Debug|x64 = Debug|x64
		Debug|x86 = Debug|x86
		Release|Any CPU = Release|Any CPU
		Release|x64 = Release|x64
		Release|x86 = Release|x86
	EndGlobalSection
	GlobalSection(SolutionProperties) = preSolution
		HideSolutionNode = FALSE
	EndGlobalSection
	GlobalSection(ProjectConfigurationPlatforms) = postSolution
		{44603569-15BA-48CE-84C2-E890E214CE5D}.Debug|Any CPU.ActiveCfg = Debug|Any CPU
		{44603569-15BA-48CE-84C2-E890E214CE5D}.Debug|Any CPU.Build.0 = Debug|Any CPU
		{44603569-15BA-48CE-84C2-E890E214CE5D}.Debug|x64.ActiveCfg = Debug|Any CPU
		{44603569-15BA-48CE-84C2-E890E214CE5D}.Debug|x64.Build.0 = Debug|Any CPU
		{44603569-15BA-48CE-84C2-E890E214CE5D}.Debug|x86.ActiveCfg = Debug|Any CPU
		{44603569-15BA-48CE-84C2-E890E214CE5D}.Debug|x86.Build.0 = Debug|Any CPU
		{44603569-15BA-48CE-84C2-E890E214CE5D}.Release|Any CPU.ActiveCfg = Release|Any CPU
		{44603569-15BA-48CE-84C2-E890E214CE5D}.Release|Any CPU.Build.0 = Release|Any CPU
		{44603569-15BA-48CE-84C2-E890E214CE5D}.Release|x64.ActiveCfg = Release|Any CPU
		{44603569-15BA-48CE-84C2-E890E214CE5D}.Release|x64.Build.0 = Release|Any CPU
		{44603569-15BA-48CE-84C2-E890E214CE5D}.Release|x86.ActiveCfg = Release|Any CPU
		{44603569-15BA-48CE-84C2-E890E214CE5D}.Release|x86.Build.0 = Release|Any CPU
		{6F4D05E2-D299-4C91-9F89-4EF55E99E55A}.Debug|Any CPU.ActiveCfg = Debug|Any CPU
		{6F4D05E2-D299-4C91-9F89-4EF55E99E55A}.Debug|Any CPU.Build.0 = Debug|Any CPU
		{6F4D05E2-D299-4C91-9F89-4EF55E99E55A}.Debug|x64.ActiveCfg = Debug|Any CPU
		{6F4D05E2-D299-4C91-9F89-4EF55E99E55A}.Debug|x64.Build.0 = Debug|Any CPU
		{6F4D05E2-D299-4C91-9F89-4EF55E99E55A}.Debug|x86.ActiveCfg = Debug|Any CPU
		{6F4D05E2-D299-4C91-9F89-4EF55E99E55A}.Debug|x86.Build.0 = Debug|Any CPU
		{6F4D05E2-D299-4C91-9F89-4EF55E99E55A}.Release|Any CPU.ActiveCfg = Release|Any CPU
		{6F4D05E2-D299-4C91-9F89-4EF55E99E55A}.Release|Any CPU.Build.0 = Release|Any CPU
		{6F4D05E2-D299-4C91-9F89-4EF55E99E55A}.Release|x64.ActiveCfg = Release|Any CPU
		{6F4D05E2-D299-4C91-9F89-4EF55E99E55A}.Release|x64.Build.0 = Release|Any CPU
		{6F4D05E2-D299-4C91-9F89-4EF55E99E55A}.Release|x86.ActiveCfg = Release|Any CPU
		{6F4D05E2-D299-4C91-9F89-4EF55E99E55A}.Release|x86.Build.0 = Release|Any CPU
		{E61F7F28-8187-46BA-BA0A-7CBABD15B217}.Debug|Any CPU.ActiveCfg = Debug|Any CPU
		{E61F7F28-8187-46BA-BA0A-7CBABD15B217}.Debug|Any CPU.Build.0 = Debug|Any CPU
		{E61F7F28-8187-46BA-BA0A-7CBABD15B217}.Debug|x64.ActiveCfg = Debug|Any CPU
		{E61F7F28-8187-46BA-BA0A-7CBABD15B217}.Debug|x64.Build.0 = Debug|Any CPU
		{E61F7F28-8187-46BA-BA0A-7CBABD15B217}.Debug|x86.ActiveCfg = Debug|Any CPU
		{E61F7F28-8187-46BA-BA0A-7CBABD15B217}.Debug|x86.Build.0 = Debug|Any CPU
		{E61F7F28-8187-46BA-BA0A-7CBABD15B217}.Release|Any CPU.ActiveCfg = Release|Any CPU
		{E61F7F28-8187-46BA-BA0A-7CBABD15B217}.Release|Any CPU.Build.0 = Release|Any CPU
		{E61F7F28-8187-46BA-BA0A-7CBABD15B217}.Release|x64.ActiveCfg = Release|Any CPU
		{E61F7F28-8187-46BA-BA0A-7CBABD15B217}.Release|x64.Build.0 = Release|Any CPU
		{E61F7F28-8187-46BA-BA0A-7CBABD15B217}.Release|x86.ActiveCfg = Release|Any CPU
		{E61F7F28-8187-46BA-BA0A-7CBABD15B217}.Release|x86.Build.0 = Release|Any CPU
		{C9E8D830-12B3-447B-B96A-328919CB54B5}.Debug|Any CPU.ActiveCfg = Debug|Any CPU
		{C9E8D830-12B3-447B-B96A-328919CB54B5}.Debug|Any CPU.Build.0 = Debug|Any CPU
		{C9E8D830-12B3-447B-B96A-328919CB54B5}.Debug|x64.ActiveCfg = Debug|Any CPU
		{C9E8D830-12B3-447B-B96A-328919CB54B5}.Debug|x64.Build.0 = Debug|Any CPU
		{C9E8D830-12B3-447B-B96A-328919CB54B5}.Debug|x86.ActiveCfg = Debug|Any CPU
		{C9E8D830-12B3-447B-B96A-328919CB54B5}.Debug|x86.Build.0 = Debug|Any CPU
		{C9E8D830-12B3-447B-B96A-328919CB54B5}.Release|Any CPU.ActiveCfg = Release|Any CPU
		{C9E8D830-12B3-447B-B96A-328919CB54B5}.Release|Any CPU.Build.0 = Release|Any CPU
		{C9E8D830-12B3-447B-B96A-328919CB54B5}.Release|x64.ActiveCfg = Release|Any CPU
		{C9E8D830-12B3-447B-B96A-328919CB54B5}.Release|x64.Build.0 = Release|Any CPU
		{C9E8D830-12B3-447B-B96A-328919CB54B5}.Release|x86.ActiveCfg = Release|Any CPU
		{C9E8D830-12B3-447B-B96A-328919CB54B5}.Release|x86.Build.0 = Release|Any CPU
	EndGlobalSection
	GlobalSection(NestedProjects) = preSolution
		{44603569-15BA-48CE-84C2-E890E214CE5D} = {019C3DDD-4CC6-4E09-9A37-359E780ED6C0}
		{6F4D05E2-D299-4C91-9F89-4EF55E99E55A} = {019C3DDD-4CC6-4E09-9A37-359E780ED6C0}
		{E61F7F28-8187-46BA-BA0A-7CBABD15B217} = {AA54160D-1F7F-4CA0-8362-685A9BAE2A85}
		{C9E8D830-12B3-447B-B96A-328919CB54B5} = {019C3DDD-4CC6-4E09-9A37-359E780ED6C0}
	EndGlobalSection
EndGlobal
